
Microsoft Visual Studio Solution File, Format Version 12.00
# Visual Studio Version 16
VisualStudioVersion = 16.0.32630.194
MinimumVisualStudioVersion = 10.0.40219.1
Project("{FAE04EC0-301F-11D3-BF4B-00C04F79EFBC}") = "gitapp1", "gitapp1\gitapp1.csproj", "{DFF20F2D-EEDE-44FA-94CF-28CAD0914455}"
EndProject
Global
	GlobalSection(SolutionConfigurationPlatforms) = preSolution
		Debug|Any CPU = Debug|Any CPU
		Release|Any CPU = Release|Any CPU
	EndGlobalSection
	GlobalSection(ProjectConfigurationPlatforms) = postSolution
		{DFF20F2D-EEDE-44FA-94CF-28CAD0914455}.Debug|Any CPU.ActiveCfg = Debug|Any CPU
		{DFF20F2D-EEDE-44FA-94CF-28CAD0914455}.Debug|Any CPU.Build.0 = Debug|Any CPU
		{DFF20F2D-EEDE-44FA-94CF-28CAD0914455}.Release|Any CPU.ActiveCfg = Release|Any CPU
		{DFF20F2D-EEDE-44FA-94CF-28CAD0914455}.Release|Any CPU.Build.0 = Release|Any CPU
	EndGlobalSection
	GlobalSection(SolutionProperties) = preSolution
		HideSolutionNode = FALSE
	EndGlobalSection
	GlobalSection(ExtensibilityGlobals) = postSolution
		SolutionGuid = {B64F5BDB-AD80-4822-B03F-702C756E59EF}
	EndGlobalSection
EndGlobal
